<?xml version="1.0" encoding="utf-8"?>
<Project ToolsVersion="4.0" xmlns="http://schemas.microsoft.com/developer/msbuild/2003">
  <ItemGroup>
    <Filter Include="Launch">
      <UniqueIdentifier>{E06644C0-CC08-6F96-B5C3-82EAA104F6E6}</UniqueIdentifier>
    </Filter>
    <Filter Include="Launch\Logging">
      <UniqueIdentifier>{7627FC8A-62F5-EF90-4B89-60B737F6CBF5}</UniqueIdentifier>
    </Filter>
  </ItemGroup>
  <ItemGroup>
    <ClInclude Include="src\Launch.h" />
    <ClInclude Include="src\Launch\Application.h">
      <Filter>Launch</Filter>
    </ClInclude>
    <ClInclude Include="src\Launch\Core.h">
      <Filter>Launch</Filter>
    </ClInclude>
    <ClInclude Include="src\Launch\EntryPoint.h">
      <Filter>Launch</Filter>
    </ClInclude>
    <ClInclude Include="src\Launch\Logging\Log.h">
      <Filter>Launch\Logging</Filter>
    </ClInclude>
    <ClInclude Include="src\Launch\Events\Event.h" />
    <ClInclude Include="src\Launch\Events\ApplicationEvent.h" />
    <ClInclude Include="src\Launch\Events\KeyEvent.h" />
    <ClInclude Include="src\Launch\Events\MouseEvent.h" />
  </ItemGroup>
  <ItemGroup>
    <ClCompile Include="src\Launch\Application.cpp">
      <Filter>Launch</Filter>
    </ClCompile>
    <ClCompile Include="src\Launch\Logging\Log.cpp">
      <Filter>Launch\Logging</Filter>
    </ClCompile>
  </ItemGroup>
</Project>